// !$*UTF8*$!
{
	archiveVersion = 1;
	classes = {
	};
	objectVersion = 50;
	objects = {

/* Begin PBXBuildFile section */
		8EDF07C426B3230B00F34548 /* AppDelegate.swift in Sources */ = {isa = PBXBuildFile; fileRef = 8EDF07C326B3230B00F34548 /* AppDelegate.swift */; };
		8EDF07C626B3230B00F34548 /* SceneDelegate.swift in Sources */ = {isa = PBXBuildFile; fileRef = 8EDF07C526B3230B00F34548 /* SceneDelegate.swift */; };
		8EDF07C826B3230B00F34548 /* ViewController.swift in Sources */ = {isa = PBXBuildFile; fileRef = 8EDF07C726B3230B00F34548 /* ViewController.swift */; };
		8EDF07CB26B3230B00F34548 /* Main.storyboard in Resources */ = {isa = PBXBuildFile; fileRef = 8EDF07C926B3230B00F34548 /* Main.storyboard */; };
		8EDF07CE26B3230B00F34548 /* MiniProject2.xcdatamodeld in Sources */ = {isa = PBXBuildFile; fileRef = 8EDF07CC26B3230B00F34548 /* MiniProject2.xcdatamodeld */; };
		8EDF07D026B3230C00F34548 /* Assets.xcassets in Resources */ = {isa = PBXBuildFile; fileRef = 8EDF07CF26B3230C00F34548 /* Assets.xcassets */; };
		8EDF07D326B3230C00F34548 /* LaunchScreen.storyboard in Resources */ = {isa = PBXBuildFile; fileRef = 8EDF07D126B3230C00F34548 /* LaunchScreen.storyboard */; };
		8EDF07DE26B3230C00F34548 /* MiniProject2Tests.swift in Sources */ = {isa = PBXBuildFile; fileRef = 8EDF07DD26B3230C00F34548 /* MiniProject2Tests.swift */; };
		8EDF07E926B3230C00F34548 /* MiniProject2UITests.swift in Sources */ = {isa = PBXBuildFile; fileRef = 8EDF07E826B3230C00F34548 /* MiniProject2UITests.swift */; };
		8EDF07F726B3249600F34548 /* SecondViewController.swift in Sources */ = {isa = PBXBuildFile; fileRef = 8EDF07F626B3249600F34548 /* SecondViewController.swift */; };
		8EDF07F926B324B600F34548 /* ThirdViewController.swift in Sources */ = {isa = PBXBuildFile; fileRef = 8EDF07F826B324B600F34548 /* ThirdViewController.swift */; };
/* End PBXBuildFile section */

/* Begin PBXContainerItemProxy section */
		8EDF07DA26B3230C00F34548 /* PBXContainerItemProxy */ = {
			isa = PBXContainerItemProxy;
			containerPortal = 8EDF07B826B3230B00F34548 /* Project object */;
			proxyType = 1;
			remoteGlobalIDString = 8EDF07BF26B3230B00F34548;
			remoteInfo = MiniProject2;
		};
		8EDF07E526B3230C00F34548 /* PBXContainerItemProxy */ = {
			isa = PBXContainerItemProxy;
			containerPortal = 8EDF07B826B3230B00F34548 /* Project object */;
			proxyType = 1;
			remoteGlobalIDString = 8EDF07BF26B3230B00F34548;
			remoteInfo = MiniProject2;
		};
/* End PBXContainerItemProxy section */

/* Begin PBXFileReference section */
		8EDF07C026B3230B00F34548 /* MiniProject2.app */ = {isa = PBXFileReference; explicitFileType = wrapper.application; includeInIndex = 0; path = MiniProject2.app; sourceTree = BUILT_PRODUCTS_DIR; };
		8EDF07C326B3230B00F34548 /* AppDelegate.swift */ = {isa = PBXFileReference; lastKnownFileType = sourcecode.swift; path = AppDelegate.swift; sourceTree = "<group>"; };
		8EDF07C526B3230B00F34548 /* SceneDelegate.swift */ = {isa = PBXFileReference; lastKnownFileType = sourcecode.swift; path = SceneDelegate.swift; sourceTree = "<group>"; };
		8EDF07C726B3230B00F34548 /* ViewController.swift */ = {isa = PBXFileReference; lastKnownFileType = sourcecode.swift; path = ViewController.swift; sourceTree = "<group>"; };
		8EDF07CA26B3230B00F34548 /* Base */ = {isa = PBXFileReference; lastKnownFileType = file.storyboard; name = Base; path = Base.lproj/Main.storyboard; sourceTree = "<group>"; };
		8EDF07CD26B3230B00F34548 /* MiniProject2.xcdatamodel */ = {isa = PBXFileReference; lastKnownFileType = wrapper.xcdatamodel; path = MiniProject2.xcdatamodel; sourceTree = "<group>"; };
		8EDF07CF26B3230C00F34548 /* Assets.xcassets */ = {isa = PBXFileReference; lastKnownFileType = folder.assetcatalog; path = Assets.xcassets; sourceTree = "<group>"; };
		8EDF07D226B3230C00F34548 /* Base */ = {isa = PBXFileReference; lastKnownFileType = file.storyboard; name = Base; path = Base.lproj/LaunchScreen.storyboard; sourceTree = "<group>"; };
		8EDF07D426B3230C00F34548 /* Info.plist */ = {isa = PBXFileReference; lastKnownFileType = text.plist.xml; path = Info.plist; sourceTree = "<group>"; };
		8EDF07D926B3230C00F34548 /* MiniProject2Tests.xctest */ = {isa = PBXFileReference; explicitFileType = wrapper.cfbundle; includeInIndex = 0; path = MiniProject2Tests.xctest; sourceTree = BUILT_PRODUCTS_DIR; };
		8EDF07DD26B3230C00F34548 /* MiniProject2Tests.swift */ = {isa = PBXFileReference; lastKnownFileType = sourcecode.swift; path = MiniProject2Tests.swift; sourceTree = "<group>"; };
		8EDF07DF26B3230C00F34548 /* Info.plist */ = {isa = PBXFileReference; lastKnownFileType = text.plist.xml; path = Info.plist; sourceTree = "<group>"; };
		8EDF07E426B3230C00F34548 /* MiniProject2UITests.xctest */ = {isa = PBXFileReference; explicitFileType = wrapper.cfbundle; includeInIndex = 0; path = MiniProject2UITests.xctest; sourceTree = BUILT_PRODUCTS_DIR; };
		8EDF07E826B3230C00F34548 /* MiniProject2UITests.swift */ = {isa = PBXFileReference; lastKnownFileType = sourcecode.swift; path = MiniProject2UITests.swift; sourceTree = "<group>"; };
		8EDF07EA26B3230C00F34548 /* Info.plist */ = {isa = PBXFileReference; lastKnownFileType = text.plist.xml; path = Info.plist; sourceTree = "<group>"; };
		8EDF07F626B3249600F34548 /* SecondViewController.swift */ = {isa = PBXFileReference; lastKnownFileType = sourcecode.swift; path = SecondViewController.swift; sourceTree = "<group>"; };
		8EDF07F826B324B600F34548 /* ThirdViewController.swift */ = {isa = PBXFileReference; lastKnownFileType = sourcecode.swift; path = ThirdViewController.swift; sourceTree = "<group>"; };
/* End PBXFileReference section */

/* Begin PBXFrameworksBuildPhase section */
		8EDF07BD26B3230B00F34548 /* Frameworks */ = {
			isa = PBXFrameworksBuildPhase;
			buildActionMask = 2147483647;
			files = (
			);
			runOnlyForDeploymentPostprocessing = 0;
		};
		8EDF07D626B3230C00F34548 /* Frameworks */ = {
			isa = PBXFrameworksBuildPhase;
			buildActionMask = 2147483647;
			files = (
			);
			runOnlyForDeploymentPostprocessing = 0;
		};
		8EDF07E126B3230C00F34548 /* Frameworks */ = {
			isa = PBXFrameworksBuildPhase;
			buildActionMask = 2147483647;
			files = (
			);
			runOnlyForDeploymentPostprocessing = 0;
		};
/* End PBXFrameworksBuildPhase section */

/* Begin PBXGroup section */
		8EDF07B726B3230B00F34548 = {
			isa = PBXGroup;
			children = (
				8EDF07C226B3230B00F34548 /* MiniProject2 */,
				8EDF07DC26B3230C00F34548 /* MiniProject2Tests */,
				8EDF07E726B3230C00F34548 /* MiniProject2UITests */,
				8EDF07C126B3230B00F34548 /* Products */,
			);
			sourceTree = "<group>";
		};
		8EDF07C126B3230B00F34548 /* Products */ = {
			isa = PBXGroup;
			children = (
				8EDF07C026B3230B00F34548 /* MiniProject2.app */,
				8EDF07D926B3230C00F34548 /* MiniProject2Tests.xctest */,
				8EDF07E426B3230C00F34548 /* MiniProject2UITests.xctest */,
			);
			name = Products;
			sourceTree = "<group>";
		};
		8EDF07C226B3230B00F34548 /* MiniProject2 */ = {
			isa = PBXGroup;
			children = (
				8EDF07C326B3230B00F34548 /* AppDelegate.swift */,
				8EDF07C526B3230B00F34548 /* SceneDelegate.swift */,
				8EDF07C726B3230B00F34548 /* ViewController.swift */,
				8EDF07C926B3230B00F34548 /* Main.storyboard */,
				8EDF07F826B324B600F34548 /* ThirdViewController.swift */,
				8EDF07F626B3249600F34548 /* SecondViewController.swift */,
				8EDF07CF26B3230C00F34548 /* Assets.xcassets */,
				8EDF07D126B3230C00F34548 /* LaunchScreen.storyboard */,
				8EDF07D426B3230C00F34548 /* Info.plist */,
				8EDF07CC26B3230B00F34548 /* MiniProject2.xcdatamodeld */,
			);
			path = MiniProject2;
			sourceTree = "<group>";
		};
		8EDF07DC26B3230C00F34548 /* MiniProject2Tests */ = {
			isa = PBXGroup;
			children = (
				8EDF07DD26B3230C00F34548 /* MiniProject2Tests.swift */,
				8EDF07DF26B3230C00F34548 /* Info.plist */,
			);
			path = MiniProject2Tests;
			sourceTree = "<group>";
		};
		8EDF07E726B3230C00F34548 /* MiniProject2UITests */ = {
			isa = PBXGroup;
			children = (
				8EDF07E826B3230C00F34548 /* MiniProject2UITests.swift */,
				8EDF07EA26B3230C00F34548 /* Info.plist */,
			);
			path = MiniProject2UITests;
			sourceTree = "<group>";
		};
/* End PBXGroup section */

/* Begin PBXNativeTarget section */
		8EDF07BF26B3230B00F34548 /* MiniProject2 */ = {
			isa = PBXNativeTarget;
			buildConfigurationList = 8EDF07ED26B3230C00F34548 /* Build configuration list for PBXNativeTarget "MiniProject2" */;
			buildPhases = (
				8EDF07BC26B3230B00F34548 /* Sources */,
				8EDF07BD26B3230B00F34548 /* Frameworks */,
				8EDF07BE26B3230B00F34548 /* Resources */,
			);
			buildRules = (
			);
			dependencies = (
			);
			name = MiniProject2;
			productName = MiniProject2;
			productReference = 8EDF07C026B3230B00F34548 /* MiniProject2.app */;
			productType = "com.apple.product-type.application";
		};
		8EDF07D826B3230C00F34548 /* MiniProject2Tests */ = {
			isa = PBXNativeTarget;
			buildConfigurationList = 8EDF07F026B3230C00F34548 /* Build configuration list for PBXNativeTarget "MiniProject2Tests" */;
			buildPhases = (
				8EDF07D526B3230C00F34548 /* Sources */,
				8EDF07D626B3230C00F34548 /* Frameworks */,
				8EDF07D726B3230C00F34548 /* Resources */,
			);
			buildRules = (
			);
			dependencies = (
				8EDF07DB26B3230C00F34548 /* PBXTargetDependency */,
			);
			name = MiniProject2Tests;
			productName = MiniProject2Tests;
			productReference = 8EDF07D926B3230C00F34548 /* MiniProject2Tests.xctest */;
			productType = "com.apple.product-type.bundle.unit-test";
		};
		8EDF07E326B3230C00F34548 /* MiniProject2UITests */ = {
			isa = PBXNativeTarget;
			buildConfigurationList = 8EDF07F326B3230C00F34548 /* Build configuration list for PBXNativeTarget "MiniProject2UITests" */;
			buildPhases = (
				8EDF07E026B3230C00F34548 /* Sources */,
				8EDF07E126B3230C00F34548 /* Frameworks */,
				8EDF07E226B3230C00F34548 /* Resources */,
			);
			buildRules = (
			);
			dependencies = (
				8EDF07E626B3230C00F34548 /* PBXTargetDependency */,
			);
			name = MiniProject2UITests;
			productName = MiniProject2UITests;
			productReference = 8EDF07E426B3230C00F34548 /* MiniProject2UITests.xctest */;
			productType = "com.apple.product-type.bundle.ui-testing";
		};
/* End PBXNativeTarget section */

/* Begin PBXProject section */
		8EDF07B826B3230B00F34548 /* Project object */ = {
			isa = PBXProject;
			attributes = {
				LastSwiftUpdateCheck = 1250;
				LastUpgradeCheck = 1250;
				TargetAttributes = {
					8EDF07BF26B3230B00F34548 = {
						CreatedOnToolsVersion = 12.5.1;
					};
					8EDF07D826B3230C00F34548 = {
						CreatedOnToolsVersion = 12.5.1;
						TestTargetID = 8EDF07BF26B3230B00F34548;
					};
					8EDF07E326B3230C00F34548 = {
						CreatedOnToolsVersion = 12.5.1;
						TestTargetID = 8EDF07BF26B3230B00F34548;
					};
				};
			};
			buildConfigurationList = 8EDF07BB26B3230B00F34548 /* Build configuration list for PBXProject "MiniProject2" */;
			compatibilityVersion = "Xcode 9.3";
			developmentRegion = en;
			hasScannedForEncodings = 0;
			knownRegions = (
				en,
				Base,
			);
			mainGroup = 8EDF07B726B3230B00F34548;
			productRefGroup = 8EDF07C126B3230B00F34548 /* Products */;
			projectDirPath = "";
			projectRoot = "";
			targets = (
				8EDF07BF26B3230B00F34548 /* MiniProject2 */,
				8EDF07D826B3230C00F34548 /* MiniProject2Tests */,
				8EDF07E326B3230C00F34548 /* MiniProject2UITests */,
			);
		};
/* End PBXProject section */

/* Begin PBXResourcesBuildPhase section */
		8EDF07BE26B3230B00F34548 /* Resources */ = {
			isa = PBXResourcesBuildPhase;
			buildActionMask = 2147483647;
			files = (
				8EDF07D326B3230C00F34548 /* LaunchScreen.storyboard in Resources */,
				8EDF07D026B3230C00F34548 /* Assets.xcassets in Resources */,
				8EDF07CB26B3230B00F34548 /* Main.storyboard in Resources */,
			);
			runOnlyForDeploymentPostprocessing = 0;
		};
		8EDF07D726B3230C00F34548 /* Resources */ = {
			isa = PBXResourcesBuildPhase;
			buildActionMask = 2147483647;
			files = (
			);
			runOnlyForDeploymentPostprocessing = 0;
		};
		8EDF07E226B3230C00F34548 /* Resources */ = {
			isa = PBXResourcesBuildPhase;
			buildActionMask = 2147483647;
			files = (
			);
			runOnlyForDeploymentPostprocessing = 0;
		};
/* End PBXResourcesBuildPhase section */

/* Begin PBXSourcesBuildPhase section */
		8EDF07BC26B3230B00F34548 /* Sources */ = {
			isa = PBXSourcesBuildPhase;
			buildActionMask = 2147483647;
			files = (
				8EDF07C826B3230B00F34548 /* ViewController.swift in Sources */,
				8EDF07C426B3230B00F34548 /* AppDelegate.swift in Sources */,
				8EDF07C626B3230B00F34548 /* SceneDelegate.swift in Sources */,
				8EDF07F726B3249600F34548 /* SecondViewController.swift in Sources */,
				8EDF07F926B324B600F34548 /* ThirdViewController.swift in Sources */,
				8EDF07CE26B3230B00F34548 /* MiniProject2.xcdatamodeld in Sources */,
			);
			runOnlyForDeploymentPostprocessing = 0;
		};
		8EDF07D526B3230C00F34548 /* Sources */ = {
			isa = PBXSourcesBuildPhase;
			buildActionMask = 2147483647;
			files = (
				8EDF07DE26B3230C00F34548 /* MiniProject2Tests.swift in Sources */,
			);
			runOnlyForDeploymentPostprocessing = 0;
		};
		8EDF07E026B3230C00F34548 /* Sources */ = {
			isa = PBXSourcesBuildPhase;
			buildActionMask = 2147483647;
			files = (
				8EDF07E926B3230C00F34548 /* MiniProject2UITests.swift in Sources */,
			);
			runOnlyForDeploymentPostprocessing = 0;
		};
/* End PBXSourcesBuildPhase section */

/* Begin PBXTargetDependency section */
		8EDF07DB26B3230C00F34548 /* PBXTargetDependency */ = {
			isa = PBXTargetDependency;
			target = 8EDF07BF26B3230B00F34548 /* MiniProject2 */;
			targetProxy = 8EDF07DA26B3230C00F34548 /* PBXContainerItemProxy */;
		};
		8EDF07E626B3230C00F34548 /* PBXTargetDependency */ = {
			isa = PBXTargetDependency;
			target = 8EDF07BF26B3230B00F34548 /* MiniProject2 */;
			targetProxy = 8EDF07E526B3230C00F34548 /* PBXContainerItemProxy */;
		};
/* End PBXTargetDependency section */

/* Begin PBXVariantGroup section */
		8EDF07C926B3230B00F34548 /* Main.storyboard */ = {
			isa = PBXVariantGroup;
			children = (
				8EDF07CA26B3230B00F34548 /* Base */,
			);
			name = Main.storyboard;
			sourceTree = "<group>";
		};
		8EDF07D126B3230C00F34548 /* LaunchScreen.storyboard */ = {
			isa = PBXVariantGroup;
			children = (
				8EDF07D226B3230C00F34548 /* Base */,
			);
			name = LaunchScreen.storyboard;
			sourceTree = "<group>";
		};
/* End PBXVariantGroup section */

/* Begin XCBuildConfiguration section */
		8EDF07EB26B3230C00F34548 /* Debug */ = {
			isa = XCBuildConfiguration;
			buildSettings = {
				ALWAYS_SEARCH_USER_PATHS = NO;
				CLANG_ANALYZER_NONNULL = YES;
				CLANG_ANALYZER_NUMBER_OBJECT_CONVERSION = YES_AGGRESSIVE;
				CLANG_CXX_LANGUAGE_STANDARD = "gnu++14";
				CLANG_CXX_LIBRARY = "libc++";
				CLANG_ENABLE_MODULES = YES;
				CLANG_ENABLE_OBJC_ARC = YES;
				CLANG_ENABLE_OBJC_WEAK = YES;
				CLANG_WARN_BLOCK_CAPTURE_AUTORELEASING = YES;
				CLANG_WARN_BOOL_CONVERSION = YES;
				CLANG_WARN_COMMA = YES;
				CLANG_WARN_CONSTANT_CONVERSION = YES;
				CLANG_WARN_DEPRECATED_OBJC_IMPLEMENTATIONS = YES;
				CLANG_WARN_DIRECT_OBJC_ISA_USAGE = YES_ERROR;
				CLANG_WARN_DOCUMENTATION_COMMENTS = YES;
				CLANG_WARN_EMPTY_BODY = YES;
				CLANG_WARN_ENUM_CONVERSION = YES;
				CLANG_WARN_INFINITE_RECURSION = YES;
				CLANG_WARN_INT_CONVERSION = YES;
				CLANG_WARN_NON_LITERAL_NULL_CONVERSION = YES;
				CLANG_WARN_OBJC_IMPLICIT_RETAIN_SELF = YES;
				CLANG_WARN_OBJC_LITERAL_CONVERSION = YES;
				CLANG_WARN_OBJC_ROOT_CLASS = YES_ERROR;
				CLANG_WARN_QUOTED_INCLUDE_IN_FRAMEWORK_HEADER = YES;
				CLANG_WARN_RANGE_LOOP_ANALYSIS = YES;
				CLANG_WARN_STRICT_PROTOTYPES = YES;
				CLANG_WARN_SUSPICIOUS_MOVE = YES;
				CLANG_WARN_UNGUARDED_AVAILABILITY = YES_AGGRESSIVE;
				CLANG_WARN_UNREACHABLE_CODE = YES;
				CLANG_WARN__DUPLICATE_METHOD_MATCH = YES;
				COPY_PHASE_STRIP = NO;
				DEBUG_INFORMATION_FORMAT = dwarf;
				ENABLE_STRICT_OBJC_MSGSEND = YES;
				ENABLE_TESTABILITY = YES;
				GCC_C_LANGUAGE_STANDARD = gnu11;
				GCC_DYNAMIC_NO_PIC = NO;
				GCC_NO_COMMON_BLOCKS = YES;
				GCC_OPTIMIZATION_LEVEL = 0;
				GCC_PREPROCESSOR_DEFINITIONS = (
					"DEBUG=1",
					"$(inherited)",
				);
				GCC_WARN_64_TO_32_BIT_CONVERSION = YES;
				GCC_WARN_ABOUT_RETURN_TYPE = YES_ERROR;
				GCC_WARN_UNDECLARED_SELECTOR = YES;
				GCC_WARN_UNINITIALIZED_AUTOS = YES_AGGRESSIVE;
				GCC_WARN_UNUSED_FUNCTION = YES;
				GCC_WARN_UNUSED_VARIABLE = YES;
				IPHONEOS_DEPLOYMENT_TARGET = 14.5;
				MTL_ENABLE_DEBUG_INFO = INCLUDE_SOURCE;
				MTL_FAST_MATH = YES;
				ONLY_ACTIVE_ARCH = YES;
				SDKROOT = iphoneos;
				SWIFT_ACTIVE_COMPILATION_CONDITIONS = DEBUG;
				SWIFT_OPTIMIZATION_LEVEL = "-Onone";
			};
			name = Debug;
		};
		8EDF07EC26B3230C00F34548 /* Release */ = {
			isa = XCBuildConfiguration;
			buildSettings = {
				ALWAYS_SEARCH_USER_PATHS = NO;
				CLANG_ANALYZER_NONNULL = YES;
				CLANG_ANALYZER_NUMBER_OBJECT_CONVERSION = YES_AGGRESSIVE;
				CLANG_CXX_LANGUAGE_STANDARD = "gnu++14";
				CLANG_CXX_LIBRARY = "libc++";
				CLANG_ENABLE_MODULES = YES;
				CLANG_ENABLE_OBJC_ARC = YES;
				CLANG_ENABLE_OBJC_WEAK = YES;
				CLANG_WARN_BLOCK_CAPTURE_AUTORELEASING = YES;
				CLANG_WARN_BOOL_CONVERSION = YES;
				CLANG_WARN_COMMA = YES;
				CLANG_WARN_CONSTANT_CONVERSION = YES;
				CLANG_WARN_DEPRECATED_OBJC_IMPLEMENTATIONS = YES;
				CLANG_WARN_DIRECT_OBJC_ISA_USAGE = YES_ERROR;
				CLANG_WARN_DOCUMENTATION_COMMENTS = YES;
				CLANG_WARN_EMPTY_BODY = YES;
				CLANG_WARN_ENUM_CONVERSION = YES;
				CLANG_WARN_INFINITE_RECURSION = YES;
				CLANG_WARN_INT_CONVERSION = YES;
				CLANG_WARN_NON_LITERAL_NULL_CONVERSION = YES;
				CLANG_WARN_OBJC_IMPLICIT_RETAIN_SELF = YES;
				CLANG_WARN_OBJC_LITERAL_CONVERSION = YES;
				CLANG_WARN_OBJC_ROOT_CLASS = YES_ERROR;
				CLANG_WARN_QUOTED_INCLUDE_IN_FRAMEWORK_HEADER = YES;
				CLANG_WARN_RANGE_LOOP_ANALYSIS = YES;
				CLANG_WARN_STRICT_PROTOTYPES = YES;
				CLANG_WARN_SUSPICIOUS_MOVE = YES;
				CLANG_WARN_UNGUARDED_AVAILABILITY = YES_AGGRESSIVE;
				CLANG_WARN_UNREACHABLE_CODE = YES;
				CLANG_WARN__DUPLICATE_METHOD_MATCH = YES;
				COPY_PHASE_STRIP = NO;
				DEBUG_INFORMATION_FORMAT = "dwarf-with-dsym";
				ENABLE_NS_ASSERTIONS = NO;
				ENABLE_STRICT_OBJC_MSGSEND = YES;
				GCC_C_LANGUAGE_STANDARD = gnu11;
				GCC_NO_COMMON_BLOCKS = YES;
				GCC_WARN_64_TO_32_BIT_CONVERSION = YES;
				GCC_WARN_ABOUT_RETURN_TYPE = YES_ERROR;
				GCC_WARN_UNDECLARED_SELECTOR = YES;
				GCC_WARN_UNINITIALIZED_AUTOS = YES_AGGRESSIVE;
				GCC_WARN_UNUSED_FUNCTION = YES;
				GCC_WARN_UNUSED_VARIABLE = YES;
				IPHONEOS_DEPLOYMENT_TARGET = 14.5;
				MTL_ENABLE_DEBUG_INFO = NO;
				MTL_FAST_MATH = YES;
				SDKROOT = iphoneos;
				SWIFT_COMPILATION_MODE = wholemodule;
				SWIFT_OPTIMIZATION_LEVEL = "-O";
				VALIDATE_PRODUCT = YES;
			};
			name = Release;
		};
		8EDF07EE26B3230C00F34548 /* Debug */ = {
			isa = XCBuildConfiguration;
			buildSettings = {
				ASSETCATALOG_COMPILER_APPICON_NAME = AppIcon;
				ASSETCATALOG_COMPILER_GLOBAL_ACCENT_COLOR_NAME = AccentColor;
				CODE_SIGN_STYLE = Automatic;
				INFOPLIST_FILE = MiniProject2/Info.plist;
				LD_RUNPATH_SEARCH_PATHS = (
					"$(inherited)",
					"@executable_path/Frameworks",
				);
				PRODUCT_BUNDLE_IDENTIFIER = kwk.MiniProject2;
				PRODUCT_NAME = "$(TARGET_NAME)";
				SWIFT_VERSION = 5.0;
				TARGETED_DEVICE_FAMILY = "1,2";
			};
			name = Debug;
		};
		8EDF07EF26B3230C00F34548 /* Release */ = {
			isa = XCBuildConfiguration;
			buildSettings = {
				ASSETCATALOG_COMPILER_APPICON_NAME = AppIcon;
				ASSETCATALOG_COMPILER_GLOBAL_ACCENT_COLOR_NAME = AccentColor;
				CODE_SIGN_STYLE = Automatic;
				INFOPLIST_FILE = MiniProject2/Info.plist;
				LD_RUNPATH_SEARCH_PATHS = (
					"$(inherited)",
					"@executable_path/Frameworks",
				);
				PRODUCT_BUNDLE_IDENTIFIER = kwk.MiniProject2;
				PRODUCT_NAME = "$(TARGET_NAME)";
				SWIFT_VERSION = 5.0;
				TARGETED_DEVICE_FAMILY = "1,2";
			};
			name = Release;
		};
		8EDF07F126B3230C00F34548 /* Debug */ = {
			isa = XCBuildConfiguration;
			buildSettings = {
				ALWAYS_EMBED_SWIFT_STANDARD_LIBRARIES = YES;
				BUNDLE_LOADER = "$(TEST_HOST)";
				CODE_SIGN_STYLE = Automatic;
				INFOPLIST_FILE = MiniProject2Tests/Info.plist;
				IPHONEOS_DEPLOYMENT_TARGET = 14.5;
				LD_RUNPATH_SEARCH_PATHS = (
					"$(inherited)",
					"@executable_path/Frameworks",
					"@loader_path/Frameworks",
				);
				PRODUCT_BUNDLE_IDENTIFIER = kwk.MiniProject2Tests;
				PRODUCT_NAME = "$(TARGET_NAME)";
				SWIFT_VERSION = 5.0;
				TARGETED_DEVICE_FAMILY = "1,2";
				TEST_HOST = "$(BUILT_PRODUCTS_DIR)/MiniProject2.app/MiniProject2";
			};
			name = Debug;
		};
		8EDF07F226B3230C00F34548 /* Release */ = {
			isa = XCBuildConfiguration;
			buildSettings = {
				ALWAYS_EMBED_SWIFT_STANDARD_LIBRARIES = YES;
				BUNDLE_LOADER = "$(TEST_HOST)";
				CODE_SIGN_STYLE = Automatic;
				INFOPLIST_FILE = MiniProject2Tests/Info.plist;
				IPHONEOS_DEPLOYMENT_TARGET = 14.5;
				LD_RUNPATH_SEARCH_PATHS = (
					"$(inherited)",
					"@executable_path/Frameworks",
					"@loader_path/Frameworks",
				);
				PRODUCT_BUNDLE_IDENTIFIER = kwk.MiniProject2Tests;
				PRODUCT_NAME = "$(TARGET_NAME)";
				SWIFT_VERSION = 5.0;
				TARGETED_DEVICE_FAMILY = "1,2";
				TEST_HOST = "$(BUILT_PRODUCTS_DIR)/MiniProject2.app/MiniProject2";
			};
			name = Release;
		};
		8EDF07F426B3230C00F34548 /* Debug */ = {
			isa = XCBuildConfiguration;
			buildSettings = {
				ALWAYS_EMBED_SWIFT_STANDARD_LIBRARIES = YES;
				CODE_SIGN_STYLE = Automatic;
				INFOPLIST_FILE = MiniProject2UITests/Info.plist;
				LD_RUNPATH_SEARCH_PATHS = (
					"$(inherited)",
					"@executable_path/Frameworks",
					"@loader_path/Frameworks",
				);
				PRODUCT_BUNDLE_IDENTIFIER = kwk.MiniProject2UITests;
				PRODUCT_NAME = "$(TARGET_NAME)";
				SWIFT_VERSION = 5.0;
				TARGETED_DEVICE_FAMILY = "1,2";
				TEST_TARGET_NAME = MiniProject2;
			};
			name = Debug;
		};
		8EDF07F526B3230C00F34548 /* Release */ = {
			isa = XCBuildConfiguration;
			buildSettings = {
				ALWAYS_EMBED_SWIFT_STANDARD_LIBRARIES = YES;
				CODE_SIGN_STYLE = Automatic;
				INFOPLIST_FILE = MiniProject2UITests/Info.plist;
				LD_RUNPATH_SEARCH_PATHS = (
					"$(inherited)",
					"@executable_path/Frameworks",
					"@loader_path/Frameworks",
				);
				PRODUCT_BUNDLE_IDENTIFIER = kwk.MiniProject2UITests;
				PRODUCT_NAME = "$(TARGET_NAME)";
				SWIFT_VERSION = 5.0;
				TARGETED_DEVICE_FAMILY = "1,2";
				TEST_TARGET_NAME = MiniProject2;
			};
			name = Release;
		};
/* End XCBuildConfiguration section */

/* Begin XCConfigurationList section */
		8EDF07BB26B3230B00F34548 /* Build configuration list for PBXProject "MiniProject2" */ = {
			isa = XCConfigurationList;
			buildConfigurations = (
				8EDF07EB26B3230C00F34548 /* Debug */,
				8EDF07EC26B3230C00F34548 /* Release */,
			);
			defaultConfigurationIsVisible = 0;
			defaultConfigurationName = Release;
		};
		8EDF07ED26B3230C00F34548 /* Build configuration list for PBXNativeTarget "MiniProject2" */ = {
			isa = XCConfigurationList;
			buildConfigurations = (
				8EDF07EE26B3230C00F34548 /* Debug */,
				8EDF07EF26B3230C00F34548 /* Release */,
			);
			defaultConfigurationIsVisible = 0;
			defaultConfigurationName = Release;
		};
		8EDF07F026B3230C00F34548 /* Build configuration list for PBXNativeTarget "MiniProject2Tests" */ = {
			isa = XCConfigurationList;
			buildConfigurations = (
				8EDF07F126B3230C00F34548 /* Debug */,
				8EDF07F226B3230C00F34548 /* Release */,
			);
			defaultConfigurationIsVisible = 0;
			defaultConfigurationName = Release;
		};
		8EDF07F326B3230C00F34548 /* Build configuration list for PBXNativeTarget "MiniProject2UITests" */ = {
			isa = XCConfigurationList;
			buildConfigurations = (
				8EDF07F426B3230C00F34548 /* Debug */,
				8EDF07F526B3230C00F34548 /* Release */,
			);
			defaultConfigurationIsVisible = 0;
			defaultConfigurationName = Release;
		};
/* End XCConfigurationList section */

/* Begin XCVersionGroup section */
		8EDF07CC26B3230B00F34548 /* MiniProject2.xcdatamodeld */ = {
			isa = XCVersionGroup;
			children = (
				8EDF07CD26B3230B00F34548 /* MiniProject2.xcdatamodel */,
			);
			currentVersion = 8EDF07CD26B3230B00F34548 /* MiniProject2.xcdatamodel */;
			path = MiniProject2.xcdatamodeld;
			sourceTree = "<group>";
			versionGroupType = wrapper.xcdatamodel;
		};
/* End XCVersionGroup section */
	};
	rootObject = 8EDF07B826B3230B00F34548 /* Project object */;
}
